
Microsoft Visual Studio Solution File, Format Version 12.00
Project("{2150E333-8FDC-42A3-9474-1A3956D46DE8}") = "SOLID", "SOLID", "{DDDCFA36-1F15-4476-BF52-A66C61255BD2}"
EndProject
Project("{FAE04EC0-301F-11D3-BF4B-00C04F79EFBC}") = "SingleResponsibility", "SOLID\SingleResponsibility\SingleResponsibility.csproj", "{D2F71A4A-D0A9-4FA1-A240-CF19BDDB3470}"
EndProject
Project("{FAE04EC0-301F-11D3-BF4B-00C04F79EFBC}") = "OpenClose", "SOLID\OpenClose\OpenClose.csproj", "{5827869C-92A6-4AC0-9E4B-95C2410A47F3}"
EndProject
Project("{FAE04EC0-301F-11D3-BF4B-00C04F79EFBC}") = "LiskovSubstitution", "SOLID\LiskovSubstitution\LiskovSubstitution.csproj", "{9C0382D9-9F34-47BD-B9B3-29C5EA6C624F}"
EndProject
Project("{FAE04EC0-301F-11D3-BF4B-00C04F79EFBC}") = "InterfaceSegregation", "SOLID\InterfaceSegregation\InterfaceSegregation.csproj", "{86386998-5057-4CAA-BCC1-AA38DCC1DD11}"
EndProject
Project("{FAE04EC0-301F-11D3-BF4B-00C04F79EFBC}") = "DependencyInversion", "SOLID\DependencyInversion\DependencyInversion.csproj", "{726C2568-C06D-4939-B04B-110492572939}"
EndProject
Project("{2150E333-8FDC-42A3-9474-1A3956D46DE8}") = "Creational", "Creational", "{AC6F5BF7-DDF0-4A35-A87A-BE645DC51D75}"
EndProject
Project("{FAE04EC0-301F-11D3-BF4B-00C04F79EFBC}") = "Builder", "Creational\Builder\Builder.csproj", "{D4A91E0D-4D93-4C65-88AC-9716DE2B79F5}"
EndProject
Global
	GlobalSection(SolutionConfigurationPlatforms) = preSolution
		Debug|Any CPU = Debug|Any CPU
		Release|Any CPU = Release|Any CPU
	EndGlobalSection
	GlobalSection(NestedProjects) = preSolution
		{D2F71A4A-D0A9-4FA1-A240-CF19BDDB3470} = {DDDCFA36-1F15-4476-BF52-A66C61255BD2}
		{5827869C-92A6-4AC0-9E4B-95C2410A47F3} = {DDDCFA36-1F15-4476-BF52-A66C61255BD2}
		{9C0382D9-9F34-47BD-B9B3-29C5EA6C624F} = {DDDCFA36-1F15-4476-BF52-A66C61255BD2}
		{86386998-5057-4CAA-BCC1-AA38DCC1DD11} = {DDDCFA36-1F15-4476-BF52-A66C61255BD2}
		{726C2568-C06D-4939-B04B-110492572939} = {DDDCFA36-1F15-4476-BF52-A66C61255BD2}
		{D4A91E0D-4D93-4C65-88AC-9716DE2B79F5} = {AC6F5BF7-DDF0-4A35-A87A-BE645DC51D75}
	EndGlobalSection
	GlobalSection(ProjectConfigurationPlatforms) = postSolution
		{D2F71A4A-D0A9-4FA1-A240-CF19BDDB3470}.Debug|Any CPU.ActiveCfg = Debug|Any CPU
		{D2F71A4A-D0A9-4FA1-A240-CF19BDDB3470}.Debug|Any CPU.Build.0 = Debug|Any CPU
		{D2F71A4A-D0A9-4FA1-A240-CF19BDDB3470}.Release|Any CPU.ActiveCfg = Release|Any CPU
		{D2F71A4A-D0A9-4FA1-A240-CF19BDDB3470}.Release|Any CPU.Build.0 = Release|Any CPU
		{5827869C-92A6-4AC0-9E4B-95C2410A47F3}.Debug|Any CPU.ActiveCfg = Debug|Any CPU
		{5827869C-92A6-4AC0-9E4B-95C2410A47F3}.Debug|Any CPU.Build.0 = Debug|Any CPU
		{5827869C-92A6-4AC0-9E4B-95C2410A47F3}.Release|Any CPU.ActiveCfg = Release|Any CPU
		{5827869C-92A6-4AC0-9E4B-95C2410A47F3}.Release|Any CPU.Build.0 = Release|Any CPU
		{9C0382D9-9F34-47BD-B9B3-29C5EA6C624F}.Debug|Any CPU.ActiveCfg = Debug|Any CPU
		{9C0382D9-9F34-47BD-B9B3-29C5EA6C624F}.Debug|Any CPU.Build.0 = Debug|Any CPU
		{9C0382D9-9F34-47BD-B9B3-29C5EA6C624F}.Release|Any CPU.ActiveCfg = Release|Any CPU
		{9C0382D9-9F34-47BD-B9B3-29C5EA6C624F}.Release|Any CPU.Build.0 = Release|Any CPU
		{86386998-5057-4CAA-BCC1-AA38DCC1DD11}.Debug|Any CPU.ActiveCfg = Debug|Any CPU
		{86386998-5057-4CAA-BCC1-AA38DCC1DD11}.Debug|Any CPU.Build.0 = Debug|Any CPU
		{86386998-5057-4CAA-BCC1-AA38DCC1DD11}.Release|Any CPU.ActiveCfg = Release|Any CPU
		{86386998-5057-4CAA-BCC1-AA38DCC1DD11}.Release|Any CPU.Build.0 = Release|Any CPU
		{726C2568-C06D-4939-B04B-110492572939}.Debug|Any CPU.ActiveCfg = Debug|Any CPU
		{726C2568-C06D-4939-B04B-110492572939}.Debug|Any CPU.Build.0 = Debug|Any CPU
		{726C2568-C06D-4939-B04B-110492572939}.Release|Any CPU.ActiveCfg = Release|Any CPU
		{726C2568-C06D-4939-B04B-110492572939}.Release|Any CPU.Build.0 = Release|Any CPU
		{D4A91E0D-4D93-4C65-88AC-9716DE2B79F5}.Debug|Any CPU.ActiveCfg = Debug|Any CPU
		{D4A91E0D-4D93-4C65-88AC-9716DE2B79F5}.Debug|Any CPU.Build.0 = Debug|Any CPU
		{D4A91E0D-4D93-4C65-88AC-9716DE2B79F5}.Release|Any CPU.ActiveCfg = Release|Any CPU
		{D4A91E0D-4D93-4C65-88AC-9716DE2B79F5}.Release|Any CPU.Build.0 = Release|Any CPU
	EndGlobalSection
EndGlobal
